
Microsoft Visual Studio Solution File, Format Version 12.00
# Visual Studio Version 16
VisualStudioVersion = 16.0.29509.3
MinimumVisualStudioVersion = 10.0.40219.1
Project("{9A19103F-16F7-4668-BE54-9A1E7A4F7556}") = "RTQuizz", "RTQuizz.csproj", "{5701C6B7-A271-4747-B04F-BB0638567CEA}"
EndProject
Project("{9A19103F-16F7-4668-BE54-9A1E7A4F7556}") = "DataAccessLayer", "..\DataAccessLayer\DataAccessLayer.csproj", "{24154C3A-8A00-49F7-BB1F-4C732074953B}"
EndProject
Project("{9A19103F-16F7-4668-BE54-9A1E7A4F7556}") = "UnitTestDAL", "..\UnitTestDAL\UnitTestDAL.csproj", "{08A5E93D-F963-4087-BC1A-499ECA612F32}"
EndProject
Project("{FAE04EC0-301F-11D3-BF4B-00C04F79EFBC}") = "RTQuizzTestsSignalr", "..\RTQuizzTestsSignalr\RTQuizzTestsSignalr.csproj", "{2C8A7303-9DB3-4CC5-90F0-A7DADF79E106}"
EndProject
Global
	GlobalSection(SolutionConfigurationPlatforms) = preSolution
		Debug|Any CPU = Debug|Any CPU
		Release|Any CPU = Release|Any CPU
	EndGlobalSection
	GlobalSection(ProjectConfigurationPlatforms) = postSolution
		{5701C6B7-A271-4747-B04F-BB0638567CEA}.Debug|Any CPU.ActiveCfg = Debug|Any CPU
		{5701C6B7-A271-4747-B04F-BB0638567CEA}.Debug|Any CPU.Build.0 = Debug|Any CPU
		{5701C6B7-A271-4747-B04F-BB0638567CEA}.Release|Any CPU.ActiveCfg = Release|Any CPU
		{5701C6B7-A271-4747-B04F-BB0638567CEA}.Release|Any CPU.Build.0 = Release|Any CPU
		{24154C3A-8A00-49F7-BB1F-4C732074953B}.Debug|Any CPU.ActiveCfg = Debug|Any CPU
		{24154C3A-8A00-49F7-BB1F-4C732074953B}.Debug|Any CPU.Build.0 = Debug|Any CPU
		{24154C3A-8A00-49F7-BB1F-4C732074953B}.Release|Any CPU.ActiveCfg = Release|Any CPU
		{24154C3A-8A00-49F7-BB1F-4C732074953B}.Release|Any CPU.Build.0 = Release|Any CPU
		{08A5E93D-F963-4087-BC1A-499ECA612F32}.Debug|Any CPU.ActiveCfg = Debug|Any CPU
		{08A5E93D-F963-4087-BC1A-499ECA612F32}.Debug|Any CPU.Build.0 = Debug|Any CPU
		{08A5E93D-F963-4087-BC1A-499ECA612F32}.Release|Any CPU.ActiveCfg = Release|Any CPU
		{08A5E93D-F963-4087-BC1A-499ECA612F32}.Release|Any CPU.Build.0 = Release|Any CPU
		{2C8A7303-9DB3-4CC5-90F0-A7DADF79E106}.Debug|Any CPU.ActiveCfg = Debug|Any CPU
		{2C8A7303-9DB3-4CC5-90F0-A7DADF79E106}.Debug|Any CPU.Build.0 = Debug|Any CPU
		{2C8A7303-9DB3-4CC5-90F0-A7DADF79E106}.Release|Any CPU.ActiveCfg = Release|Any CPU
		{2C8A7303-9DB3-4CC5-90F0-A7DADF79E106}.Release|Any CPU.Build.0 = Release|Any CPU
	EndGlobalSection
	GlobalSection(SolutionProperties) = preSolution
		HideSolutionNode = FALSE
	EndGlobalSection
	GlobalSection(ExtensibilityGlobals) = postSolution
		SolutionGuid = {7CC568E0-0FE2-4306-905E-7D5682836DB7}
	EndGlobalSection
EndGlobal
